
Microsoft Visual Studio Solution File, Format Version 12.00
# Visual Studio Version 17
VisualStudioVersion = 17.14.36127.28 d17.14
MinimumVisualStudioVersion = 10.0.40219.1
Project("{54A90642-561A-4BB1-A94E-469ADEE60C69}") = "ratingtutoredstudents.client", "ratingtutoredstudents.client\ratingtutoredstudents.client.esproj", "{9F045B9A-DD02-E6CE-2446-61E5D3F179F9}"
EndProject
Project("{FAE04EC0-301F-11D3-BF4B-00C04F79EFBC}") = "RatingTutoredStudents.Server", "RatingTutoredStudents.Server\RatingTutoredStudents.Server.csproj", "{E62FB90C-23BB-419D-966D-EFF244B7D480}"
EndProject
Global
	GlobalSection(SolutionConfigurationPlatforms) = preSolution
		Debug|Any CPU = Debug|Any CPU
		Release|Any CPU = Release|Any CPU
	EndGlobalSection
	GlobalSection(ProjectConfigurationPlatforms) = postSolution
		{9F045B9A-DD02-E6CE-2446-61E5D3F179F9}.Debug|Any CPU.ActiveCfg = Debug|Any CPU
		{9F045B9A-DD02-E6CE-2446-61E5D3F179F9}.Debug|Any CPU.Build.0 = Debug|Any CPU
		{9F045B9A-DD02-E6CE-2446-61E5D3F179F9}.Debug|Any CPU.Deploy.0 = Debug|Any CPU
		{9F045B9A-DD02-E6CE-2446-61E5D3F179F9}.Release|Any CPU.ActiveCfg = Release|Any CPU
		{9F045B9A-DD02-E6CE-2446-61E5D3F179F9}.Release|Any CPU.Build.0 = Release|Any CPU
		{9F045B9A-DD02-E6CE-2446-61E5D3F179F9}.Release|Any CPU.Deploy.0 = Release|Any CPU
		{E62FB90C-23BB-419D-966D-EFF244B7D480}.Debug|Any CPU.ActiveCfg = Debug|Any CPU
		{E62FB90C-23BB-419D-966D-EFF244B7D480}.Debug|Any CPU.Build.0 = Debug|Any CPU
		{E62FB90C-23BB-419D-966D-EFF244B7D480}.Release|Any CPU.ActiveCfg = Release|Any CPU
		{E62FB90C-23BB-419D-966D-EFF244B7D480}.Release|Any CPU.Build.0 = Release|Any CPU
	EndGlobalSection
	GlobalSection(SolutionProperties) = preSolution
		HideSolutionNode = FALSE
	EndGlobalSection
	GlobalSection(ExtensibilityGlobals) = postSolution
		SolutionGuid = {61A2575A-7118-4081-B2B4-B4B22C54F916}
	EndGlobalSection
EndGlobal
